{
  "name": "wsbroker",
  "version": "0.1.0",
  "lockfileVersion": 3,
  "requires": true,
  "packages": {
    "": {
      "name": "wsbroker",
      "version": "0.1.0",
      "license": "MIT",
      "dependencies": {
        "@neon-rs/load": "^0.1.82",
        "ws": "^8.18.3"
      },
      "devDependencies": {
        "@neon-rs/cli": "^0.1.82",
        "@tsconfig/node20": "^20.1.4",
        "@types/node": "^20.11.16",
        "readme-tsdoc": "^1.1.4",
        "typescript": "^5.3.3"
      }
    },
    "node_modules/@cargo-messages/linux-x64-gnu": {
      "version": "0.1.81",
      "cpu": [
        "x64"
      ],
      "dev": true,
      "license": "MIT",
      "optional": true,
      "os": [
        "linux"
      ]
    },
    "node_modules/@cargo-messages/linux-x64-musl": {
      "version": "0.1.81",
      "cpu": [
        "x64"
      ],
      "dev": true,
      "license": "MIT",
      "optional": true,
      "os": [
        "linux"
      ]
    },
    "node_modules/@neon-rs/cli": {
      "version": "0.1.82",
      "dev": true,
      "license": "MIT",
      "bin": {
        "neon": "index.js"
      },
      "optionalDependencies": {
        "@cargo-messages/android-arm-eabi": "0.1.81",
        "@cargo-messages/darwin-arm64": "0.1.81",
        "@cargo-messages/darwin-x64": "0.1.81",
        "@cargo-messages/linux-arm-gnueabihf": "0.1.81",
        "@cargo-messages/linux-arm64-gnu": "0.1.81",
        "@cargo-messages/linux-arm64-musl": "0.1.81",
        "@cargo-messages/linux-x64-gnu": "0.1.81",
        "@cargo-messages/linux-x64-musl": "0.1.81",
        "@cargo-messages/win32-arm64-msvc": "0.1.81",
        "@cargo-messages/win32-x64-msvc": "0.1.81"
      }
    },
    "node_modules/@neon-rs/load": {
      "version": "0.1.82",
      "license": "MIT"
    },
    "node_modules/@tsconfig/node20": {
      "version": "20.1.6",
      "dev": true,
      "license": "MIT"
    },
    "node_modules/@types/node": {
      "version": "20.19.11",
      "dev": true,
      "license": "MIT",
      "dependencies": {
        "undici-types": "~6.21.0"
      }
    },
    "node_modules/fast-deep-copy": {
      "version": "1.0.1",
      "resolved": "https://registry.npmjs.org/fast-deep-copy/-/fast-deep-copy-1.0.1.tgz",
      "integrity": "sha512-x1pYV5SJ+VQ2lulFw+4qz/f5JHYKa+vIZYmNkzIQSVpW66aVD2tAyRX37gwj+sC/KK72BuMJVk5YKLBTT18ZQA==",
      "dev": true,
      "license": "ISC"
    },
    "node_modules/readme-tsdoc": {
      "version": "1.1.4",
      "resolved": "https://registry.npmjs.org/readme-tsdoc/-/readme-tsdoc-1.1.4.tgz",
      "integrity": "sha512-GS+7QN9TPsMYWGLI+E8A6/068ZZPQXxqIfeWTuHCNN6+tuMvERdS1TQaStAh85tQxm8DGVP5f4OdFnkk3+dNwA==",
      "dev": true,
      "license": "ISC",
      "dependencies": {
        "fast-deep-copy": "^1.0.1",
        "typescript": "^5.0.0"
      },
      "bin": {
        "readme-tsdoc": "src/cli.js"
      },
      "engines": {
        "node": ">=16.0.0"
      }
    },
    "node_modules/typescript": {
      "version": "5.9.2",
      "dev": true,
      "license": "Apache-2.0",
      "bin": {
        "tsc": "bin/tsc",
        "tsserver": "bin/tsserver"
      },
      "engines": {
        "node": ">=14.17"
      }
    },
    "node_modules/undici-types": {
      "version": "6.21.0",
      "dev": true,
      "license": "MIT"
    },
    "node_modules/ws": {
      "version": "8.18.3",
      "resolved": "https://registry.npmjs.org/ws/-/ws-8.18.3.tgz",
      "integrity": "sha512-PEIGCY5tSlUt50cqyMXfCzX+oOPqN0vuGqWzbcJ2xvnkzkq46oOpz7dQaTDBdfICb4N14+GARUDw2XV2N4tvzg==",
      "license": "MIT",
      "engines": {
        "node": ">=10.0.0"
      },
      "peerDependencies": {
        "bufferutil": "^4.0.1",
        "utf-8-validate": ">=5.0.2"
      },
      "peerDependenciesMeta": {
        "bufferutil": {
          "optional": true
        },
        "utf-8-validate": {
          "optional": true
        }
      }
    }
  }
}
